// !$*UTF8*$!
{
	archiveVersion = 1;
	classes = {
	};
	objectVersion = 56;
	objects = {

/* Begin PBXBuildFile section */
		836D5BF02C316C3C000C7DDA /* AppDelegate.swift in Sources */ = {isa = PBXBuildFile; fileRef = 836D5BEF2C316C3C000C7DDA /* AppDelegate.swift */; };
		836D5BF22C316C3C000C7DDA /* SceneDelegate.swift in Sources */ = {isa = PBXBuildFile; fileRef = 836D5BF12C316C3C000C7DDA /* SceneDelegate.swift */; };
		836D5BF42C316C3C000C7DDA /* ViewController.swift in Sources */ = {isa = PBXBuildFile; fileRef = 836D5BF32C316C3C000C7DDA /* ViewController.swift */; };
		836D5BF72C316C3C000C7DDA /* Base in Resources */ = {isa = PBXBuildFile; fileRef = 836D5BF62C316C3C000C7DDA /* Base */; };
		836D5BF92C316C3D000C7DDA /* Assets.xcassets in Resources */ = {isa = PBXBuildFile; fileRef = 836D5BF82C316C3D000C7DDA /* Assets.xcassets */; };
		836D5BFC2C316C3D000C7DDA /* Base in Resources */ = {isa = PBXBuildFile; fileRef = 836D5BFB2C316C3D000C7DDA /* Base */; };
		836D5C072C316C3D000C7DDA /* McspicyShanghaiDeluxeTests.swift in Sources */ = {isa = PBXBuildFile; fileRef = 836D5C062C316C3D000C7DDA /* McspicyShanghaiDeluxeTests.swift */; };
		836D5C112C316C3D000C7DDA /* McspicyShanghaiDeluxeUITests.swift in Sources */ = {isa = PBXBuildFile; fileRef = 836D5C102C316C3D000C7DDA /* McspicyShanghaiDeluxeUITests.swift */; };
		836D5C132C316C3D000C7DDA /* McspicyShanghaiDeluxeUITestsLaunchTests.swift in Sources */ = {isa = PBXBuildFile; fileRef = 836D5C122C316C3D000C7DDA /* McspicyShanghaiDeluxeUITestsLaunchTests.swift */; };
		836D5C352C324BA2000C7DDA /* Currency.swift in Sources */ = {isa = PBXBuildFile; fileRef = 836D5C342C324BA2000C7DDA /* Currency.swift */; };
		836D5C8D2C326D9C000C7DDA /* BigmacCalculatable.swift in Sources */ = {isa = PBXBuildFile; fileRef = 836D5C8C2C326D9C000C7DDA /* BigmacCalculatable.swift */; };
		836D5C8F2C326F37000C7DDA /* BigmacIndex.swift in Sources */ = {isa = PBXBuildFile; fileRef = 836D5C8E2C326F37000C7DDA /* BigmacIndex.swift */; };
		836D5C912C3274D1000C7DDA /* Country.swift in Sources */ = {isa = PBXBuildFile; fileRef = 836D5C902C3274D1000C7DDA /* Country.swift */; };
/* End PBXBuildFile section */

/* Begin PBXContainerItemProxy section */
		836D5C032C316C3D000C7DDA /* PBXContainerItemProxy */ = {
			isa = PBXContainerItemProxy;
			containerPortal = 836D5BE42C316C3C000C7DDA /* Project object */;
			proxyType = 1;
			remoteGlobalIDString = 836D5BEB2C316C3C000C7DDA;
			remoteInfo = McspicyShanghaiDeluxe;
		};
		836D5C0D2C316C3D000C7DDA /* PBXContainerItemProxy */ = {
			isa = PBXContainerItemProxy;
			containerPortal = 836D5BE42C316C3C000C7DDA /* Project object */;
			proxyType = 1;
			remoteGlobalIDString = 836D5BEB2C316C3C000C7DDA;
			remoteInfo = McspicyShanghaiDeluxe;
		};
/* End PBXContainerItemProxy section */

/* Begin PBXFileReference section */
		836D5BEC2C316C3C000C7DDA /* McspicyShanghaiDeluxe.app */ = {isa = PBXFileReference; explicitFileType = wrapper.application; includeInIndex = 0; path = McspicyShanghaiDeluxe.app; sourceTree = BUILT_PRODUCTS_DIR; };
		836D5BEF2C316C3C000C7DDA /* AppDelegate.swift */ = {isa = PBXFileReference; lastKnownFileType = sourcecode.swift; path = AppDelegate.swift; sourceTree = "<group>"; };
		836D5BF12C316C3C000C7DDA /* SceneDelegate.swift */ = {isa = PBXFileReference; lastKnownFileType = sourcecode.swift; path = SceneDelegate.swift; sourceTree = "<group>"; };
		836D5BF32C316C3C000C7DDA /* ViewController.swift */ = {isa = PBXFileReference; lastKnownFileType = sourcecode.swift; path = ViewController.swift; sourceTree = "<group>"; };
		836D5BF62C316C3C000C7DDA /* Base */ = {isa = PBXFileReference; lastKnownFileType = file.storyboard; name = Base; path = Base.lproj/Main.storyboard; sourceTree = "<group>"; };
		836D5BF82C316C3D000C7DDA /* Assets.xcassets */ = {isa = PBXFileReference; lastKnownFileType = folder.assetcatalog; path = Assets.xcassets; sourceTree = "<group>"; };
		836D5BFB2C316C3D000C7DDA /* Base */ = {isa = PBXFileReference; lastKnownFileType = file.storyboard; name = Base; path = Base.lproj/LaunchScreen.storyboard; sourceTree = "<group>"; };
		836D5BFD2C316C3D000C7DDA /* Info.plist */ = {isa = PBXFileReference; lastKnownFileType = text.plist.xml; path = Info.plist; sourceTree = "<group>"; };
		836D5C022C316C3D000C7DDA /* McspicyShanghaiDeluxeTests.xctest */ = {isa = PBXFileReference; explicitFileType = wrapper.cfbundle; includeInIndex = 0; path = McspicyShanghaiDeluxeTests.xctest; sourceTree = BUILT_PRODUCTS_DIR; };
		836D5C062C316C3D000C7DDA /* McspicyShanghaiDeluxeTests.swift */ = {isa = PBXFileReference; lastKnownFileType = sourcecode.swift; path = McspicyShanghaiDeluxeTests.swift; sourceTree = "<group>"; };
		836D5C0C2C316C3D000C7DDA /* McspicyShanghaiDeluxeUITests.xctest */ = {isa = PBXFileReference; explicitFileType = wrapper.cfbundle; includeInIndex = 0; path = McspicyShanghaiDeluxeUITests.xctest; sourceTree = BUILT_PRODUCTS_DIR; };
		836D5C102C316C3D000C7DDA /* McspicyShanghaiDeluxeUITests.swift */ = {isa = PBXFileReference; lastKnownFileType = sourcecode.swift; path = McspicyShanghaiDeluxeUITests.swift; sourceTree = "<group>"; };
		836D5C122C316C3D000C7DDA /* McspicyShanghaiDeluxeUITestsLaunchTests.swift */ = {isa = PBXFileReference; lastKnownFileType = sourcecode.swift; path = McspicyShanghaiDeluxeUITestsLaunchTests.swift; sourceTree = "<group>"; };
		836D5C262C323BCD000C7DDA /* placeholder */ = {isa = PBXFileReference; lastKnownFileType = text; path = placeholder; sourceTree = "<group>"; };
		836D5C282C323BDD000C7DDA /* placeholder */ = {isa = PBXFileReference; lastKnownFileType = text; path = placeholder; sourceTree = "<group>"; };
		836D5C2C2C323C07000C7DDA /* placeholder */ = {isa = PBXFileReference; lastKnownFileType = text; path = placeholder; sourceTree = "<group>"; };
		836D5C342C324BA2000C7DDA /* Currency.swift */ = {isa = PBXFileReference; lastKnownFileType = sourcecode.swift; path = Currency.swift; sourceTree = "<group>"; };
		836D5C8C2C326D9C000C7DDA /* BigmacCalculatable.swift */ = {isa = PBXFileReference; lastKnownFileType = sourcecode.swift; path = BigmacCalculatable.swift; sourceTree = "<group>"; };
		836D5C8E2C326F37000C7DDA /* BigmacIndex.swift */ = {isa = PBXFileReference; lastKnownFileType = sourcecode.swift; path = BigmacIndex.swift; sourceTree = "<group>"; };
		836D5C902C3274D1000C7DDA /* Country.swift */ = {isa = PBXFileReference; lastKnownFileType = sourcecode.swift; path = Country.swift; sourceTree = "<group>"; };
		836D5C992C32A931000C7DDA /* placeholder */ = {isa = PBXFileReference; lastKnownFileType = text; path = placeholder; sourceTree = "<group>"; };
		836D5C9B2C32A939000C7DDA /* placeholder */ = {isa = PBXFileReference; lastKnownFileType = text; path = placeholder; sourceTree = "<group>"; };
/* End PBXFileReference section */

/* Begin PBXFrameworksBuildPhase section */
		836D5BE92C316C3C000C7DDA /* Frameworks */ = {
			isa = PBXFrameworksBuildPhase;
			buildActionMask = 2147483647;
			files = (
			);
			runOnlyForDeploymentPostprocessing = 0;
		};
		836D5BFF2C316C3D000C7DDA /* Frameworks */ = {
			isa = PBXFrameworksBuildPhase;
			buildActionMask = 2147483647;
			files = (
			);
			runOnlyForDeploymentPostprocessing = 0;
		};
		836D5C092C316C3D000C7DDA /* Frameworks */ = {
			isa = PBXFrameworksBuildPhase;
			buildActionMask = 2147483647;
			files = (
			);
			runOnlyForDeploymentPostprocessing = 0;
		};
/* End PBXFrameworksBuildPhase section */

/* Begin PBXGroup section */
		836D5BE32C316C3C000C7DDA = {
			isa = PBXGroup;
			children = (
				836D5BEE2C316C3C000C7DDA /* McspicyShanghaiDeluxe */,
				836D5C052C316C3D000C7DDA /* McspicyShanghaiDeluxeTests */,
				836D5C0F2C316C3D000C7DDA /* McspicyShanghaiDeluxeUITests */,
				836D5BED2C316C3C000C7DDA /* Products */,
			);
			sourceTree = "<group>";
		};
		836D5BED2C316C3C000C7DDA /* Products */ = {
			isa = PBXGroup;
			children = (
				836D5BEC2C316C3C000C7DDA /* McspicyShanghaiDeluxe.app */,
				836D5C022C316C3D000C7DDA /* McspicyShanghaiDeluxeTests.xctest */,
				836D5C0C2C316C3D000C7DDA /* McspicyShanghaiDeluxeUITests.xctest */,
			);
			name = Products;
			sourceTree = "<group>";
		};
		836D5BEE2C316C3C000C7DDA /* McspicyShanghaiDeluxe */ = {
			isa = PBXGroup;
			children = (
				836D5C2E2C323C1B000C7DDA /* Domain */,
				836D5C222C31A38A000C7DDA /* Data */,
				836D5C212C316D4A000C7DDA /* Network */,
				836D5C202C316CD5000C7DDA /* Application */,
				836D5C1F2C316CCF000C7DDA /* Presentation */,
				836D5C232C323A98000C7DDA /* Preview Content */,
				836D5BF32C316C3C000C7DDA /* ViewController.swift */,
				836D5BF52C316C3C000C7DDA /* Main.storyboard */,
				836D5BF82C316C3D000C7DDA /* Assets.xcassets */,
				836D5BFA2C316C3D000C7DDA /* LaunchScreen.storyboard */,
				836D5BFD2C316C3D000C7DDA /* Info.plist */,
			);
			path = McspicyShanghaiDeluxe;
			sourceTree = "<group>";
		};
		836D5C052C316C3D000C7DDA /* McspicyShanghaiDeluxeTests */ = {
			isa = PBXGroup;
			children = (
				836D5C062C316C3D000C7DDA /* McspicyShanghaiDeluxeTests.swift */,
			);
			path = McspicyShanghaiDeluxeTests;
			sourceTree = "<group>";
		};
		836D5C0F2C316C3D000C7DDA /* McspicyShanghaiDeluxeUITests */ = {
			isa = PBXGroup;
			children = (
				836D5C102C316C3D000C7DDA /* McspicyShanghaiDeluxeUITests.swift */,
				836D5C122C316C3D000C7DDA /* McspicyShanghaiDeluxeUITestsLaunchTests.swift */,
			);
			path = McspicyShanghaiDeluxeUITests;
			sourceTree = "<group>";
		};
		836D5C1F2C316CCF000C7DDA /* Presentation */ = {
			isa = PBXGroup;
			children = (
				836D5C982C32A91E000C7DDA /* IndexView */,
				836D5C972C32A820000C7DDA /* CurrencyView */,
			);
			path = Presentation;
			sourceTree = "<group>";
		};
		836D5C202C316CD5000C7DDA /* Application */ = {
			isa = PBXGroup;
			children = (
				836D5BF12C316C3C000C7DDA /* SceneDelegate.swift */,
				836D5BEF2C316C3C000C7DDA /* AppDelegate.swift */,
			);
			path = Application;
			sourceTree = "<group>";
		};
		836D5C212C316D4A000C7DDA /* Network */ = {
			isa = PBXGroup;
			children = (
				836D5C282C323BDD000C7DDA /* placeholder */,
			);
			path = Network;
			sourceTree = "<group>";
		};
		836D5C222C31A38A000C7DDA /* Data */ = {
			isa = PBXGroup;
			children = (
				836D5C262C323BCD000C7DDA /* placeholder */,
			);
			path = Data;
			sourceTree = "<group>";
		};
		836D5C232C323A98000C7DDA /* Preview Content */ = {
			isa = PBXGroup;
			children = (
				836D5C252C323BA4000C7DDA /* Stubs */,
				836D5C242C323B00000C7DDA /* RawData */,
			);
			path = "Preview Content";
			sourceTree = "<group>";
		};
		836D5C242C323B00000C7DDA /* RawData */ = {
			isa = PBXGroup;
			children = (
				836D5C2C2C323C07000C7DDA /* placeholder */,
			);
			path = RawData;
			sourceTree = "<group>";
		};
		836D5C252C323BA4000C7DDA /* Stubs */ = {
			isa = PBXGroup;
			children = (
			);
			path = Stubs;
			sourceTree = "<group>";
		};
		836D5C2E2C323C1B000C7DDA /* Domain */ = {
			isa = PBXGroup;
			children = (
				836D5C8B2C326D8B000C7DDA /* Protocols */,
				836D5C332C324B97000C7DDA /* Entity */,
			);
			path = Domain;
			sourceTree = "<group>";
		};
		836D5C332C324B97000C7DDA /* Entity */ = {
			isa = PBXGroup;
			children = (
				836D5C342C324BA2000C7DDA /* Currency.swift */,
				836D5C8E2C326F37000C7DDA /* BigmacIndex.swift */,
				836D5C902C3274D1000C7DDA /* Country.swift */,
			);
			path = Entity;
			sourceTree = "<group>";
		};
		836D5C8B2C326D8B000C7DDA /* Protocols */ = {
			isa = PBXGroup;
			children = (
				836D5C8C2C326D9C000C7DDA /* BigmacCalculatable.swift */,
			);
			path = Protocols;
			sourceTree = "<group>";
		};
		836D5C972C32A820000C7DDA /* CurrencyView */ = {
			isa = PBXGroup;
			children = (
				836D5C9B2C32A939000C7DDA /* placeholder */,
			);
			path = CurrencyView;
			sourceTree = "<group>";
		};
		836D5C982C32A91E000C7DDA /* IndexView */ = {
			isa = PBXGroup;
			children = (
				836D5C992C32A931000C7DDA /* placeholder */,
			);
			path = IndexView;
			sourceTree = "<group>";
		};
/* End PBXGroup section */

/* Begin PBXNativeTarget section */
		836D5BEB2C316C3C000C7DDA /* McspicyShanghaiDeluxe */ = {
			isa = PBXNativeTarget;
			buildConfigurationList = 836D5C162C316C3D000C7DDA /* Build configuration list for PBXNativeTarget "McspicyShanghaiDeluxe" */;
			buildPhases = (
				836D5BE82C316C3C000C7DDA /* Sources */,
				836D5BE92C316C3C000C7DDA /* Frameworks */,
				836D5BEA2C316C3C000C7DDA /* Resources */,
			);
			buildRules = (
			);
			dependencies = (
			);
			name = McspicyShanghaiDeluxe;
			productName = McspicyShanghaiDeluxe;
			productReference = 836D5BEC2C316C3C000C7DDA /* McspicyShanghaiDeluxe.app */;
			productType = "com.apple.product-type.application";
		};
		836D5C012C316C3D000C7DDA /* McspicyShanghaiDeluxeTests */ = {
			isa = PBXNativeTarget;
			buildConfigurationList = 836D5C192C316C3D000C7DDA /* Build configuration list for PBXNativeTarget "McspicyShanghaiDeluxeTests" */;
			buildPhases = (
				836D5BFE2C316C3D000C7DDA /* Sources */,
				836D5BFF2C316C3D000C7DDA /* Frameworks */,
				836D5C002C316C3D000C7DDA /* Resources */,
			);
			buildRules = (
			);
			dependencies = (
				836D5C042C316C3D000C7DDA /* PBXTargetDependency */,
			);
			name = McspicyShanghaiDeluxeTests;
			productName = McspicyShanghaiDeluxeTests;
			productReference = 836D5C022C316C3D000C7DDA /* McspicyShanghaiDeluxeTests.xctest */;
			productType = "com.apple.product-type.bundle.unit-test";
		};
		836D5C0B2C316C3D000C7DDA /* McspicyShanghaiDeluxeUITests */ = {
			isa = PBXNativeTarget;
			buildConfigurationList = 836D5C1C2C316C3D000C7DDA /* Build configuration list for PBXNativeTarget "McspicyShanghaiDeluxeUITests" */;
			buildPhases = (
				836D5C082C316C3D000C7DDA /* Sources */,
				836D5C092C316C3D000C7DDA /* Frameworks */,
				836D5C0A2C316C3D000C7DDA /* Resources */,
			);
			buildRules = (
			);
			dependencies = (
				836D5C0E2C316C3D000C7DDA /* PBXTargetDependency */,
			);
			name = McspicyShanghaiDeluxeUITests;
			productName = McspicyShanghaiDeluxeUITests;
			productReference = 836D5C0C2C316C3D000C7DDA /* McspicyShanghaiDeluxeUITests.xctest */;
			productType = "com.apple.product-type.bundle.ui-testing";
		};
/* End PBXNativeTarget section */

/* Begin PBXProject section */
		836D5BE42C316C3C000C7DDA /* Project object */ = {
			isa = PBXProject;
			attributes = {
				BuildIndependentTargetsInParallel = 1;
				LastSwiftUpdateCheck = 1540;
				LastUpgradeCheck = 1540;
				TargetAttributes = {
					836D5BEB2C316C3C000C7DDA = {
						CreatedOnToolsVersion = 15.4;
					};
					836D5C012C316C3D000C7DDA = {
						CreatedOnToolsVersion = 15.4;
						TestTargetID = 836D5BEB2C316C3C000C7DDA;
					};
					836D5C0B2C316C3D000C7DDA = {
						CreatedOnToolsVersion = 15.4;
						TestTargetID = 836D5BEB2C316C3C000C7DDA;
					};
				};
			};
			buildConfigurationList = 836D5BE72C316C3C000C7DDA /* Build configuration list for PBXProject "McspicyShanghaiDeluxe" */;
			compatibilityVersion = "Xcode 14.0";
			developmentRegion = en;
			hasScannedForEncodings = 0;
			knownRegions = (
				en,
				Base,
			);
			mainGroup = 836D5BE32C316C3C000C7DDA;
			productRefGroup = 836D5BED2C316C3C000C7DDA /* Products */;
			projectDirPath = "";
			projectRoot = "";
			targets = (
				836D5BEB2C316C3C000C7DDA /* McspicyShanghaiDeluxe */,
				836D5C012C316C3D000C7DDA /* McspicyShanghaiDeluxeTests */,
				836D5C0B2C316C3D000C7DDA /* McspicyShanghaiDeluxeUITests */,
			);
		};
/* End PBXProject section */

/* Begin PBXResourcesBuildPhase section */
		836D5BEA2C316C3C000C7DDA /* Resources */ = {
			isa = PBXResourcesBuildPhase;
			buildActionMask = 2147483647;
			files = (
				836D5BF92C316C3D000C7DDA /* Assets.xcassets in Resources */,
				836D5BFC2C316C3D000C7DDA /* Base in Resources */,
				836D5BF72C316C3C000C7DDA /* Base in Resources */,
			);
			runOnlyForDeploymentPostprocessing = 0;
		};
		836D5C002C316C3D000C7DDA /* Resources */ = {
			isa = PBXResourcesBuildPhase;
			buildActionMask = 2147483647;
			files = (
			);
			runOnlyForDeploymentPostprocessing = 0;
		};
		836D5C0A2C316C3D000C7DDA /* Resources */ = {
			isa = PBXResourcesBuildPhase;
			buildActionMask = 2147483647;
			files = (
			);
			runOnlyForDeploymentPostprocessing = 0;
		};
/* End PBXResourcesBuildPhase section */

/* Begin PBXSourcesBuildPhase section */
		836D5BE82C316C3C000C7DDA /* Sources */ = {
			isa = PBXSourcesBuildPhase;
			buildActionMask = 2147483647;
			files = (
				836D5C912C3274D1000C7DDA /* Country.swift in Sources */,
				836D5C352C324BA2000C7DDA /* Currency.swift in Sources */,
				836D5BF42C316C3C000C7DDA /* ViewController.swift in Sources */,
				836D5BF02C316C3C000C7DDA /* AppDelegate.swift in Sources */,
				836D5C8F2C326F37000C7DDA /* BigmacIndex.swift in Sources */,
				836D5C8D2C326D9C000C7DDA /* BigmacCalculatable.swift in Sources */,
				836D5BF22C316C3C000C7DDA /* SceneDelegate.swift in Sources */,
			);
			runOnlyForDeploymentPostprocessing = 0;
		};
		836D5BFE2C316C3D000C7DDA /* Sources */ = {
			isa = PBXSourcesBuildPhase;
			buildActionMask = 2147483647;
			files = (
				836D5C072C316C3D000C7DDA /* McspicyShanghaiDeluxeTests.swift in Sources */,
			);
			runOnlyForDeploymentPostprocessing = 0;
		};
		836D5C082C316C3D000C7DDA /* Sources */ = {
			isa = PBXSourcesBuildPhase;
			buildActionMask = 2147483647;
			files = (
				836D5C112C316C3D000C7DDA /* McspicyShanghaiDeluxeUITests.swift in Sources */,
				836D5C132C316C3D000C7DDA /* McspicyShanghaiDeluxeUITestsLaunchTests.swift in Sources */,
			);
			runOnlyForDeploymentPostprocessing = 0;
		};
/* End PBXSourcesBuildPhase section */

/* Begin PBXTargetDependency section */
		836D5C042C316C3D000C7DDA /* PBXTargetDependency */ = {
			isa = PBXTargetDependency;
			target = 836D5BEB2C316C3C000C7DDA /* McspicyShanghaiDeluxe */;
			targetProxy = 836D5C032C316C3D000C7DDA /* PBXContainerItemProxy */;
		};
		836D5C0E2C316C3D000C7DDA /* PBXTargetDependency */ = {
			isa = PBXTargetDependency;
			target = 836D5BEB2C316C3C000C7DDA /* McspicyShanghaiDeluxe */;
			targetProxy = 836D5C0D2C316C3D000C7DDA /* PBXContainerItemProxy */;
		};
/* End PBXTargetDependency section */

/* Begin PBXVariantGroup section */
		836D5BF52C316C3C000C7DDA /* Main.storyboard */ = {
			isa = PBXVariantGroup;
			children = (
				836D5BF62C316C3C000C7DDA /* Base */,
			);
			name = Main.storyboard;
			sourceTree = "<group>";
		};
		836D5BFA2C316C3D000C7DDA /* LaunchScreen.storyboard */ = {
			isa = PBXVariantGroup;
			children = (
				836D5BFB2C316C3D000C7DDA /* Base */,
			);
			name = LaunchScreen.storyboard;
			sourceTree = "<group>";
		};
/* End PBXVariantGroup section */

/* Begin XCBuildConfiguration section */
		836D5C142C316C3D000C7DDA /* Debug */ = {
			isa = XCBuildConfiguration;
			buildSettings = {
				ALWAYS_SEARCH_USER_PATHS = NO;
				ASSETCATALOG_COMPILER_GENERATE_SWIFT_ASSET_SYMBOL_EXTENSIONS = YES;
				CLANG_ANALYZER_NONNULL = YES;
				CLANG_ANALYZER_NUMBER_OBJECT_CONVERSION = YES_AGGRESSIVE;
				CLANG_CXX_LANGUAGE_STANDARD = "gnu++20";
				CLANG_ENABLE_MODULES = YES;
				CLANG_ENABLE_OBJC_ARC = YES;
				CLANG_ENABLE_OBJC_WEAK = YES;
				CLANG_WARN_BLOCK_CAPTURE_AUTORELEASING = YES;
				CLANG_WARN_BOOL_CONVERSION = YES;
				CLANG_WARN_COMMA = YES;
				CLANG_WARN_CONSTANT_CONVERSION = YES;
				CLANG_WARN_DEPRECATED_OBJC_IMPLEMENTATIONS = YES;
				CLANG_WARN_DIRECT_OBJC_ISA_USAGE = YES_ERROR;
				CLANG_WARN_DOCUMENTATION_COMMENTS = YES;
				CLANG_WARN_EMPTY_BODY = YES;
				CLANG_WARN_ENUM_CONVERSION = YES;
				CLANG_WARN_INFINITE_RECURSION = YES;
				CLANG_WARN_INT_CONVERSION = YES;
				CLANG_WARN_NON_LITERAL_NULL_CONVERSION = YES;
				CLANG_WARN_OBJC_IMPLICIT_RETAIN_SELF = YES;
				CLANG_WARN_OBJC_LITERAL_CONVERSION = YES;
				CLANG_WARN_OBJC_ROOT_CLASS = YES_ERROR;
				CLANG_WARN_QUOTED_INCLUDE_IN_FRAMEWORK_HEADER = YES;
				CLANG_WARN_RANGE_LOOP_ANALYSIS = YES;
				CLANG_WARN_STRICT_PROTOTYPES = YES;
				CLANG_WARN_SUSPICIOUS_MOVE = YES;
				CLANG_WARN_UNGUARDED_AVAILABILITY = YES_AGGRESSIVE;
				CLANG_WARN_UNREACHABLE_CODE = YES;
				CLANG_WARN__DUPLICATE_METHOD_MATCH = YES;
				COPY_PHASE_STRIP = NO;
				DEBUG_INFORMATION_FORMAT = dwarf;
				ENABLE_STRICT_OBJC_MSGSEND = YES;
				ENABLE_TESTABILITY = YES;
				ENABLE_USER_SCRIPT_SANDBOXING = YES;
				GCC_C_LANGUAGE_STANDARD = gnu17;
				GCC_DYNAMIC_NO_PIC = NO;
				GCC_NO_COMMON_BLOCKS = YES;
				GCC_OPTIMIZATION_LEVEL = 0;
				GCC_PREPROCESSOR_DEFINITIONS = (
					"DEBUG=1",
					"$(inherited)",
				);
				GCC_WARN_64_TO_32_BIT_CONVERSION = YES;
				GCC_WARN_ABOUT_RETURN_TYPE = YES_ERROR;
				GCC_WARN_UNDECLARED_SELECTOR = YES;
				GCC_WARN_UNINITIALIZED_AUTOS = YES_AGGRESSIVE;
				GCC_WARN_UNUSED_FUNCTION = YES;
				GCC_WARN_UNUSED_VARIABLE = YES;
				IPHONEOS_DEPLOYMENT_TARGET = 17.5;
				LOCALIZATION_PREFERS_STRING_CATALOGS = YES;
				MTL_ENABLE_DEBUG_INFO = INCLUDE_SOURCE;
				MTL_FAST_MATH = YES;
				ONLY_ACTIVE_ARCH = YES;
				SDKROOT = iphoneos;
				SWIFT_ACTIVE_COMPILATION_CONDITIONS = "DEBUG $(inherited)";
				SWIFT_OPTIMIZATION_LEVEL = "-Onone";
			};
			name = Debug;
		};
		836D5C152C316C3D000C7DDA /* Release */ = {
			isa = XCBuildConfiguration;
			buildSettings = {
				ALWAYS_SEARCH_USER_PATHS = NO;
				ASSETCATALOG_COMPILER_GENERATE_SWIFT_ASSET_SYMBOL_EXTENSIONS = YES;
				CLANG_ANALYZER_NONNULL = YES;
				CLANG_ANALYZER_NUMBER_OBJECT_CONVERSION = YES_AGGRESSIVE;
				CLANG_CXX_LANGUAGE_STANDARD = "gnu++20";
				CLANG_ENABLE_MODULES = YES;
				CLANG_ENABLE_OBJC_ARC = YES;
				CLANG_ENABLE_OBJC_WEAK = YES;
				CLANG_WARN_BLOCK_CAPTURE_AUTORELEASING = YES;
				CLANG_WARN_BOOL_CONVERSION = YES;
				CLANG_WARN_COMMA = YES;
				CLANG_WARN_CONSTANT_CONVERSION = YES;
				CLANG_WARN_DEPRECATED_OBJC_IMPLEMENTATIONS = YES;
				CLANG_WARN_DIRECT_OBJC_ISA_USAGE = YES_ERROR;
				CLANG_WARN_DOCUMENTATION_COMMENTS = YES;
				CLANG_WARN_EMPTY_BODY = YES;
				CLANG_WARN_ENUM_CONVERSION = YES;
				CLANG_WARN_INFINITE_RECURSION = YES;
				CLANG_WARN_INT_CONVERSION = YES;
				CLANG_WARN_NON_LITERAL_NULL_CONVERSION = YES;
				CLANG_WARN_OBJC_IMPLICIT_RETAIN_SELF = YES;
				CLANG_WARN_OBJC_LITERAL_CONVERSION = YES;
				CLANG_WARN_OBJC_ROOT_CLASS = YES_ERROR;
				CLANG_WARN_QUOTED_INCLUDE_IN_FRAMEWORK_HEADER = YES;
				CLANG_WARN_RANGE_LOOP_ANALYSIS = YES;
				CLANG_WARN_STRICT_PROTOTYPES = YES;
				CLANG_WARN_SUSPICIOUS_MOVE = YES;
				CLANG_WARN_UNGUARDED_AVAILABILITY = YES_AGGRESSIVE;
				CLANG_WARN_UNREACHABLE_CODE = YES;
				CLANG_WARN__DUPLICATE_METHOD_MATCH = YES;
				COPY_PHASE_STRIP = NO;
				DEBUG_INFORMATION_FORMAT = "dwarf-with-dsym";
				ENABLE_NS_ASSERTIONS = NO;
				ENABLE_STRICT_OBJC_MSGSEND = YES;
				ENABLE_USER_SCRIPT_SANDBOXING = YES;
				GCC_C_LANGUAGE_STANDARD = gnu17;
				GCC_NO_COMMON_BLOCKS = YES;
				GCC_WARN_64_TO_32_BIT_CONVERSION = YES;
				GCC_WARN_ABOUT_RETURN_TYPE = YES_ERROR;
				GCC_WARN_UNDECLARED_SELECTOR = YES;
				GCC_WARN_UNINITIALIZED_AUTOS = YES_AGGRESSIVE;
				GCC_WARN_UNUSED_FUNCTION = YES;
				GCC_WARN_UNUSED_VARIABLE = YES;
				IPHONEOS_DEPLOYMENT_TARGET = 17.5;
				LOCALIZATION_PREFERS_STRING_CATALOGS = YES;
				MTL_ENABLE_DEBUG_INFO = NO;
				MTL_FAST_MATH = YES;
				SDKROOT = iphoneos;
				SWIFT_COMPILATION_MODE = wholemodule;
				VALIDATE_PRODUCT = YES;
			};
			name = Release;
		};
		836D5C172C316C3D000C7DDA /* Debug */ = {
			isa = XCBuildConfiguration;
			buildSettings = {
				ASSETCATALOG_COMPILER_APPICON_NAME = AppIcon;
				ASSETCATALOG_COMPILER_GLOBAL_ACCENT_COLOR_NAME = AccentColor;
				CODE_SIGN_STYLE = Automatic;
				CURRENT_PROJECT_VERSION = 1;
				DEVELOPMENT_TEAM = 59FP2PXRXK;
				GENERATE_INFOPLIST_FILE = YES;
				INFOPLIST_FILE = McspicyShanghaiDeluxe/Info.plist;
				INFOPLIST_KEY_UIApplicationSupportsIndirectInputEvents = YES;
				INFOPLIST_KEY_UILaunchStoryboardName = LaunchScreen;
				INFOPLIST_KEY_UIMainStoryboardFile = Main;
				INFOPLIST_KEY_UISupportedInterfaceOrientations_iPad = "UIInterfaceOrientationPortrait UIInterfaceOrientationPortraitUpsideDown UIInterfaceOrientationLandscapeLeft UIInterfaceOrientationLandscapeRight";
				INFOPLIST_KEY_UISupportedInterfaceOrientations_iPhone = "UIInterfaceOrientationPortrait UIInterfaceOrientationLandscapeLeft UIInterfaceOrientationLandscapeRight";
				LD_RUNPATH_SEARCH_PATHS = (
					"$(inherited)",
					"@executable_path/Frameworks",
				);
				MARKETING_VERSION = 1.0;
				PRODUCT_BUNDLE_IDENTIFIER = co.kr.codegrove.McspicyShanghaiDeluxe;
				PRODUCT_NAME = "$(TARGET_NAME)";
				SWIFT_EMIT_LOC_STRINGS = YES;
				SWIFT_VERSION = 5.0;
				TARGETED_DEVICE_FAMILY = "1,2";
			};
			name = Debug;
		};
		836D5C182C316C3D000C7DDA /* Release */ = {
			isa = XCBuildConfiguration;
			buildSettings = {
				ASSETCATALOG_COMPILER_APPICON_NAME = AppIcon;
				ASSETCATALOG_COMPILER_GLOBAL_ACCENT_COLOR_NAME = AccentColor;
				CODE_SIGN_STYLE = Automatic;
				CURRENT_PROJECT_VERSION = 1;
				DEVELOPMENT_TEAM = 59FP2PXRXK;
				GENERATE_INFOPLIST_FILE = YES;
				INFOPLIST_FILE = McspicyShanghaiDeluxe/Info.plist;
				INFOPLIST_KEY_UIApplicationSupportsIndirectInputEvents = YES;
				INFOPLIST_KEY_UILaunchStoryboardName = LaunchScreen;
				INFOPLIST_KEY_UIMainStoryboardFile = Main;
				INFOPLIST_KEY_UISupportedInterfaceOrientations_iPad = "UIInterfaceOrientationPortrait UIInterfaceOrientationPortraitUpsideDown UIInterfaceOrientationLandscapeLeft UIInterfaceOrientationLandscapeRight";
				INFOPLIST_KEY_UISupportedInterfaceOrientations_iPhone = "UIInterfaceOrientationPortrait UIInterfaceOrientationLandscapeLeft UIInterfaceOrientationLandscapeRight";
				LD_RUNPATH_SEARCH_PATHS = (
					"$(inherited)",
					"@executable_path/Frameworks",
				);
				MARKETING_VERSION = 1.0;
				PRODUCT_BUNDLE_IDENTIFIER = co.kr.codegrove.McspicyShanghaiDeluxe;
				PRODUCT_NAME = "$(TARGET_NAME)";
				SWIFT_EMIT_LOC_STRINGS = YES;
				SWIFT_VERSION = 5.0;
				TARGETED_DEVICE_FAMILY = "1,2";
			};
			name = Release;
		};
		836D5C1A2C316C3D000C7DDA /* Debug */ = {
			isa = XCBuildConfiguration;
			buildSettings = {
				ALWAYS_EMBED_SWIFT_STANDARD_LIBRARIES = YES;
				BUNDLE_LOADER = "$(TEST_HOST)";
				CODE_SIGN_STYLE = Automatic;
				CURRENT_PROJECT_VERSION = 1;
				DEVELOPMENT_TEAM = 59FP2PXRXK;
				GENERATE_INFOPLIST_FILE = YES;
				IPHONEOS_DEPLOYMENT_TARGET = 17.5;
				MARKETING_VERSION = 1.0;
				PRODUCT_BUNDLE_IDENTIFIER = co.kr.codegrove.McspicyShanghaiDeluxeTests;
				PRODUCT_NAME = "$(TARGET_NAME)";
				SWIFT_EMIT_LOC_STRINGS = NO;
				SWIFT_VERSION = 5.0;
				TARGETED_DEVICE_FAMILY = "1,2";
				TEST_HOST = "$(BUILT_PRODUCTS_DIR)/McspicyShanghaiDeluxe.app/$(BUNDLE_EXECUTABLE_FOLDER_PATH)/McspicyShanghaiDeluxe";
			};
			name = Debug;
		};
		836D5C1B2C316C3D000C7DDA /* Release */ = {
			isa = XCBuildConfiguration;
			buildSettings = {
				ALWAYS_EMBED_SWIFT_STANDARD_LIBRARIES = YES;
				BUNDLE_LOADER = "$(TEST_HOST)";
				CODE_SIGN_STYLE = Automatic;
				CURRENT_PROJECT_VERSION = 1;
				DEVELOPMENT_TEAM = 59FP2PXRXK;
				GENERATE_INFOPLIST_FILE = YES;
				IPHONEOS_DEPLOYMENT_TARGET = 17.5;
				MARKETING_VERSION = 1.0;
				PRODUCT_BUNDLE_IDENTIFIER = co.kr.codegrove.McspicyShanghaiDeluxeTests;
				PRODUCT_NAME = "$(TARGET_NAME)";
				SWIFT_EMIT_LOC_STRINGS = NO;
				SWIFT_VERSION = 5.0;
				TARGETED_DEVICE_FAMILY = "1,2";
				TEST_HOST = "$(BUILT_PRODUCTS_DIR)/McspicyShanghaiDeluxe.app/$(BUNDLE_EXECUTABLE_FOLDER_PATH)/McspicyShanghaiDeluxe";
			};
			name = Release;
		};
		836D5C1D2C316C3D000C7DDA /* Debug */ = {
			isa = XCBuildConfiguration;
			buildSettings = {
				ALWAYS_EMBED_SWIFT_STANDARD_LIBRARIES = YES;
				CODE_SIGN_STYLE = Automatic;
				CURRENT_PROJECT_VERSION = 1;
				DEVELOPMENT_TEAM = 59FP2PXRXK;
				GENERATE_INFOPLIST_FILE = YES;
				MARKETING_VERSION = 1.0;
				PRODUCT_BUNDLE_IDENTIFIER = co.kr.codegrove.McspicyShanghaiDeluxeUITests;
				PRODUCT_NAME = "$(TARGET_NAME)";
				SWIFT_EMIT_LOC_STRINGS = NO;
				SWIFT_VERSION = 5.0;
				TARGETED_DEVICE_FAMILY = "1,2";
				TEST_TARGET_NAME = McspicyShanghaiDeluxe;
			};
			name = Debug;
		};
		836D5C1E2C316C3D000C7DDA /* Release */ = {
			isa = XCBuildConfiguration;
			buildSettings = {
				ALWAYS_EMBED_SWIFT_STANDARD_LIBRARIES = YES;
				CODE_SIGN_STYLE = Automatic;
				CURRENT_PROJECT_VERSION = 1;
				DEVELOPMENT_TEAM = 59FP2PXRXK;
				GENERATE_INFOPLIST_FILE = YES;
				MARKETING_VERSION = 1.0;
				PRODUCT_BUNDLE_IDENTIFIER = co.kr.codegrove.McspicyShanghaiDeluxeUITests;
				PRODUCT_NAME = "$(TARGET_NAME)";
				SWIFT_EMIT_LOC_STRINGS = NO;
				SWIFT_VERSION = 5.0;
				TARGETED_DEVICE_FAMILY = "1,2";
				TEST_TARGET_NAME = McspicyShanghaiDeluxe;
			};
			name = Release;
		};
/* End XCBuildConfiguration section */

/* Begin XCConfigurationList section */
		836D5BE72C316C3C000C7DDA /* Build configuration list for PBXProject "McspicyShanghaiDeluxe" */ = {
			isa = XCConfigurationList;
			buildConfigurations = (
				836D5C142C316C3D000C7DDA /* Debug */,
				836D5C152C316C3D000C7DDA /* Release */,
			);
			defaultConfigurationIsVisible = 0;
			defaultConfigurationName = Release;
		};
		836D5C162C316C3D000C7DDA /* Build configuration list for PBXNativeTarget "McspicyShanghaiDeluxe" */ = {
			isa = XCConfigurationList;
			buildConfigurations = (
				836D5C172C316C3D000C7DDA /* Debug */,
				836D5C182C316C3D000C7DDA /* Release */,
			);
			defaultConfigurationIsVisible = 0;
			defaultConfigurationName = Release;
		};
		836D5C192C316C3D000C7DDA /* Build configuration list for PBXNativeTarget "McspicyShanghaiDeluxeTests" */ = {
			isa = XCConfigurationList;
			buildConfigurations = (
				836D5C1A2C316C3D000C7DDA /* Debug */,
				836D5C1B2C316C3D000C7DDA /* Release */,
			);
			defaultConfigurationIsVisible = 0;
			defaultConfigurationName = Release;
		};
		836D5C1C2C316C3D000C7DDA /* Build configuration list for PBXNativeTarget "McspicyShanghaiDeluxeUITests" */ = {
			isa = XCConfigurationList;
			buildConfigurations = (
				836D5C1D2C316C3D000C7DDA /* Debug */,
				836D5C1E2C316C3D000C7DDA /* Release */,
			);
			defaultConfigurationIsVisible = 0;
			defaultConfigurationName = Release;
		};
/* End XCConfigurationList section */
	};
	rootObject = 836D5BE42C316C3C000C7DDA /* Project object */;
}
